
Microsoft Visual Studio Solution File, Format Version 12.00
# Visual Studio Version 17
VisualStudioVersion = 17.5.33516.290
MinimumVisualStudioVersion = 10.0.40219.1
Project("{FAE04EC0-301F-11D3-BF4B-00C04F79EFBC}") = "BP-translate", "BP-translate\BP-translate.csproj", "{2EB7ACC0-4823-46F4-A356-82431480773B}"
EndProject
Global
	GlobalSection(SolutionConfigurationPlatforms) = preSolution
		Debug|Any CPU = Debug|Any CPU
		Release|Any CPU = Release|Any CPU
	EndGlobalSection
	GlobalSection(ProjectConfigurationPlatforms) = postSolution
		{2EB7ACC0-4823-46F4-A356-82431480773B}.Debug|Any CPU.ActiveCfg = Debug|Any CPU
		{2EB7ACC0-4823-46F4-A356-82431480773B}.Debug|Any CPU.Build.0 = Debug|Any CPU
		{2EB7ACC0-4823-46F4-A356-82431480773B}.Release|Any CPU.ActiveCfg = Release|Any CPU
		{2EB7ACC0-4823-46F4-A356-82431480773B}.Release|Any CPU.Build.0 = Release|Any CPU
	EndGlobalSection
	GlobalSection(SolutionProperties) = preSolution
		HideSolutionNode = FALSE
	EndGlobalSection
	GlobalSection(ExtensibilityGlobals) = postSolution
		SolutionGuid = {DF6004F5-4970-415E-9FAE-D81ED11A8207}
	EndGlobalSection
EndGlobal
